{
	"version": "0.0.0-development",
	"lockfileVersion": 1,
	"requires": true,
	"dependencies": {
		"loeb": {
			"version": "file:../cli",
			"dev": true,
			"requires": {
				"@loeb/core": "file:../core",
				"@loeb/css": "file:../css",
				"@loeb/images": "file:../images",
				"@loeb/mdx": "file:../mdx",
				"@loeb/react": "file:../react",
				"express": "^4.17.1",
				"open": "^6.4.0",
				"webpack": "^4.35.3",
				"webpack-dev-middleware": "^3.7.0",
				"webpack-dev-server": "^3.7.2",
				"yargs": "^13.2.4"
			}
		}
	}
}
